
Microsoft Visual Studio Solution File, Format Version 12.00
# Visual Studio Version 17
VisualStudioVersion = 17.5.33516.290
MinimumVisualStudioVersion = 10.0.40219.1
Project("{FAE04EC0-301F-11D3-BF4B-00C04F79EFBC}") = "MessageConsumer", "MessageConsumer\MessageConsumer.csproj", "{DFAF079E-3CDF-412C-B26E-1052E0A9FF2F}"
EndProject
Global
	GlobalSection(SolutionConfigurationPlatforms) = preSolution
		Debug|Any CPU = Debug|Any CPU
		Release|Any CPU = Release|Any CPU
	EndGlobalSection
	GlobalSection(ProjectConfigurationPlatforms) = postSolution
		{DFAF079E-3CDF-412C-B26E-1052E0A9FF2F}.Debug|Any CPU.ActiveCfg = Debug|Any CPU
		{DFAF079E-3CDF-412C-B26E-1052E0A9FF2F}.Debug|Any CPU.Build.0 = Debug|Any CPU
		{DFAF079E-3CDF-412C-B26E-1052E0A9FF2F}.Release|Any CPU.ActiveCfg = Release|Any CPU
		{DFAF079E-3CDF-412C-B26E-1052E0A9FF2F}.Release|Any CPU.Build.0 = Release|Any CPU
	EndGlobalSection
	GlobalSection(SolutionProperties) = preSolution
		HideSolutionNode = FALSE
	EndGlobalSection
	GlobalSection(ExtensibilityGlobals) = postSolution
		SolutionGuid = {43460EAC-CB5E-4700-A700-8C888484AB2A}
	EndGlobalSection
EndGlobal
