
Microsoft Visual Studio Solution File, Format Version 12.00
# Visual Studio Version 17
VisualStudioVersion = 17.5.33516.290
MinimumVisualStudioVersion = 10.0.40219.1
Project("{FAE04EC0-301F-11D3-BF4B-00C04F79EFBC}") = "MessageProducer", "MessageProducer\MessageProducer.csproj", "{6FB84FC4-FE87-44C4-A8F5-482C22B4F95C}"
EndProject
Global
	GlobalSection(SolutionConfigurationPlatforms) = preSolution
		Debug|Any CPU = Debug|Any CPU
		Release|Any CPU = Release|Any CPU
	EndGlobalSection
	GlobalSection(ProjectConfigurationPlatforms) = postSolution
		{6FB84FC4-FE87-44C4-A8F5-482C22B4F95C}.Debug|Any CPU.ActiveCfg = Debug|Any CPU
		{6FB84FC4-FE87-44C4-A8F5-482C22B4F95C}.Debug|Any CPU.Build.0 = Debug|Any CPU
		{6FB84FC4-FE87-44C4-A8F5-482C22B4F95C}.Release|Any CPU.ActiveCfg = Release|Any CPU
		{6FB84FC4-FE87-44C4-A8F5-482C22B4F95C}.Release|Any CPU.Build.0 = Release|Any CPU
	EndGlobalSection
	GlobalSection(SolutionProperties) = preSolution
		HideSolutionNode = FALSE
	EndGlobalSection
	GlobalSection(ExtensibilityGlobals) = postSolution
		SolutionGuid = {429EF8BE-3387-4929-90C1-44835CBDDF6D}
	EndGlobalSection
EndGlobal
