
Microsoft Visual Studio Solution File, Format Version 12.00
# Visual Studio Version 17
VisualStudioVersion = 17.5.33516.290
MinimumVisualStudioVersion = 10.0.40219.1
Project("{FAE04EC0-301F-11D3-BF4B-00C04F79EFBC}") = "MessageProducer", "MessageProducer\MessageProducer.csproj", "{C94F2832-4DA1-4955-ADA1-437C0EAA7BA8}"
EndProject
Global
	GlobalSection(SolutionConfigurationPlatforms) = preSolution
		Debug|Any CPU = Debug|Any CPU
		Release|Any CPU = Release|Any CPU
	EndGlobalSection
	GlobalSection(ProjectConfigurationPlatforms) = postSolution
		{C94F2832-4DA1-4955-ADA1-437C0EAA7BA8}.Debug|Any CPU.ActiveCfg = Debug|Any CPU
		{C94F2832-4DA1-4955-ADA1-437C0EAA7BA8}.Debug|Any CPU.Build.0 = Debug|Any CPU
		{C94F2832-4DA1-4955-ADA1-437C0EAA7BA8}.Release|Any CPU.ActiveCfg = Release|Any CPU
		{C94F2832-4DA1-4955-ADA1-437C0EAA7BA8}.Release|Any CPU.Build.0 = Release|Any CPU
	EndGlobalSection
	GlobalSection(SolutionProperties) = preSolution
		HideSolutionNode = FALSE
	EndGlobalSection
	GlobalSection(ExtensibilityGlobals) = postSolution
		SolutionGuid = {F87210D6-9569-4D0B-B404-F94D4AF62C26}
	EndGlobalSection
EndGlobal
