
Microsoft Visual Studio Solution File, Format Version 12.00
# Visual Studio Version 17
VisualStudioVersion = 17.5.33516.290
MinimumVisualStudioVersion = 10.0.40219.1
Project("{9A19103F-16F7-4668-BE54-9A1E7A4F7556}") = "UsersMS", "UsersMS\UsersMS.csproj", "{3621ADDE-1733-49C2-AFFE-270C8E17E286}"
EndProject
Project("{9A19103F-16F7-4668-BE54-9A1E7A4F7556}") = "UsersMS.DTO", "UserMS.DTO\UsersMS.DTO.csproj", "{E7D250E4-6009-4EF1-9F8C-6CD259A63873}"
EndProject
Project("{9A19103F-16F7-4668-BE54-9A1E7A4F7556}") = "UsersMS.Client", "UsersMS.Client\UsersMS.Client.csproj", "{9DA92326-4272-4E90-8825-3F582EFB3048}"
EndProject
Project("{9A19103F-16F7-4668-BE54-9A1E7A4F7556}") = "UsersMS.Client.TestApp", "UsersMS.Client.TestApp\UsersMS.Client.TestApp.csproj", "{39FBE41E-5CEA-4A41-A91F-E2320B23A1BF}"
EndProject
Project("{FAE04EC0-301F-11D3-BF4B-00C04F79EFBC}") = "UserMS.CacheClient", "UserMS.CacheClient\UserMS.CacheClient.csproj", "{2CD00683-5C60-4DB5-A7C3-D969DBDA7492}"
EndProject
Global
	GlobalSection(SolutionConfigurationPlatforms) = preSolution
		Debug|Any CPU = Debug|Any CPU
		Release|Any CPU = Release|Any CPU
	EndGlobalSection
	GlobalSection(ProjectConfigurationPlatforms) = postSolution
		{3621ADDE-1733-49C2-AFFE-270C8E17E286}.Debug|Any CPU.ActiveCfg = Debug|Any CPU
		{3621ADDE-1733-49C2-AFFE-270C8E17E286}.Debug|Any CPU.Build.0 = Debug|Any CPU
		{3621ADDE-1733-49C2-AFFE-270C8E17E286}.Release|Any CPU.ActiveCfg = Release|Any CPU
		{3621ADDE-1733-49C2-AFFE-270C8E17E286}.Release|Any CPU.Build.0 = Release|Any CPU
		{E7D250E4-6009-4EF1-9F8C-6CD259A63873}.Debug|Any CPU.ActiveCfg = Debug|Any CPU
		{E7D250E4-6009-4EF1-9F8C-6CD259A63873}.Debug|Any CPU.Build.0 = Debug|Any CPU
		{E7D250E4-6009-4EF1-9F8C-6CD259A63873}.Release|Any CPU.ActiveCfg = Release|Any CPU
		{E7D250E4-6009-4EF1-9F8C-6CD259A63873}.Release|Any CPU.Build.0 = Release|Any CPU
		{9DA92326-4272-4E90-8825-3F582EFB3048}.Debug|Any CPU.ActiveCfg = Debug|Any CPU
		{9DA92326-4272-4E90-8825-3F582EFB3048}.Debug|Any CPU.Build.0 = Debug|Any CPU
		{9DA92326-4272-4E90-8825-3F582EFB3048}.Release|Any CPU.ActiveCfg = Release|Any CPU
		{9DA92326-4272-4E90-8825-3F582EFB3048}.Release|Any CPU.Build.0 = Release|Any CPU
		{39FBE41E-5CEA-4A41-A91F-E2320B23A1BF}.Debug|Any CPU.ActiveCfg = Debug|Any CPU
		{39FBE41E-5CEA-4A41-A91F-E2320B23A1BF}.Debug|Any CPU.Build.0 = Debug|Any CPU
		{39FBE41E-5CEA-4A41-A91F-E2320B23A1BF}.Release|Any CPU.ActiveCfg = Release|Any CPU
		{39FBE41E-5CEA-4A41-A91F-E2320B23A1BF}.Release|Any CPU.Build.0 = Release|Any CPU
		{2CD00683-5C60-4DB5-A7C3-D969DBDA7492}.Debug|Any CPU.ActiveCfg = Debug|Any CPU
		{2CD00683-5C60-4DB5-A7C3-D969DBDA7492}.Debug|Any CPU.Build.0 = Debug|Any CPU
		{2CD00683-5C60-4DB5-A7C3-D969DBDA7492}.Release|Any CPU.ActiveCfg = Release|Any CPU
		{2CD00683-5C60-4DB5-A7C3-D969DBDA7492}.Release|Any CPU.Build.0 = Release|Any CPU
	EndGlobalSection
	GlobalSection(SolutionProperties) = preSolution
		HideSolutionNode = FALSE
	EndGlobalSection
	GlobalSection(ExtensibilityGlobals) = postSolution
		SolutionGuid = {82E1FCA1-76B3-4702-848C-135F55F61C65}
	EndGlobalSection
EndGlobal
