
Microsoft Visual Studio Solution File, Format Version 12.00
# Visual Studio Version 17
VisualStudioVersion = 17.5.33516.290
MinimumVisualStudioVersion = 10.0.40219.1
Project("{9A19103F-16F7-4668-BE54-9A1E7A4F7556}") = "InventoryMS.Host", "InventoryMS.Host\InventoryMS.Host.csproj", "{A37F2A46-10AB-43E3-BAC5-FA7EB8833DBE}"
EndProject
Project("{9A19103F-16F7-4668-BE54-9A1E7A4F7556}") = "InventoryMS.Contracts", "InventoryMS.Contracts\InventoryMS.Contracts.csproj", "{FC0FB1B4-60E8-45ED-93C9-4BC910D52D54}"
EndProject
Project("{9A19103F-16F7-4668-BE54-9A1E7A4F7556}") = "InventoryMS.RefitTestApp", "InventoryMS.RefitTestApp\InventoryMS.RefitTestApp.csproj", "{277CB662-6FA0-430A-B00A-141DC5446C9D}"
EndProject
Project("{9A19103F-16F7-4668-BE54-9A1E7A4F7556}") = "InventoryMS.Client", "InventoryMS.Client\InventoryMS.Client.csproj", "{A4C73798-1243-480E-A704-07C0FF492CC0}"
EndProject
Project("{FAE04EC0-301F-11D3-BF4B-00C04F79EFBC}") = "InventoryMS.Events", "InventoryMS.Events\InventoryMS.Events.csproj", "{27E19DD6-E598-4444-BF01-D3AB68FAFE6A}"
EndProject
Global
	GlobalSection(SolutionConfigurationPlatforms) = preSolution
		Debug|Any CPU = Debug|Any CPU
		Release|Any CPU = Release|Any CPU
	EndGlobalSection
	GlobalSection(ProjectConfigurationPlatforms) = postSolution
		{A37F2A46-10AB-43E3-BAC5-FA7EB8833DBE}.Debug|Any CPU.ActiveCfg = Debug|Any CPU
		{A37F2A46-10AB-43E3-BAC5-FA7EB8833DBE}.Debug|Any CPU.Build.0 = Debug|Any CPU
		{A37F2A46-10AB-43E3-BAC5-FA7EB8833DBE}.Release|Any CPU.ActiveCfg = Release|Any CPU
		{A37F2A46-10AB-43E3-BAC5-FA7EB8833DBE}.Release|Any CPU.Build.0 = Release|Any CPU
		{FC0FB1B4-60E8-45ED-93C9-4BC910D52D54}.Debug|Any CPU.ActiveCfg = Debug|Any CPU
		{FC0FB1B4-60E8-45ED-93C9-4BC910D52D54}.Debug|Any CPU.Build.0 = Debug|Any CPU
		{FC0FB1B4-60E8-45ED-93C9-4BC910D52D54}.Release|Any CPU.ActiveCfg = Release|Any CPU
		{FC0FB1B4-60E8-45ED-93C9-4BC910D52D54}.Release|Any CPU.Build.0 = Release|Any CPU
		{277CB662-6FA0-430A-B00A-141DC5446C9D}.Debug|Any CPU.ActiveCfg = Debug|Any CPU
		{277CB662-6FA0-430A-B00A-141DC5446C9D}.Debug|Any CPU.Build.0 = Debug|Any CPU
		{277CB662-6FA0-430A-B00A-141DC5446C9D}.Release|Any CPU.ActiveCfg = Release|Any CPU
		{277CB662-6FA0-430A-B00A-141DC5446C9D}.Release|Any CPU.Build.0 = Release|Any CPU
		{A4C73798-1243-480E-A704-07C0FF492CC0}.Debug|Any CPU.ActiveCfg = Debug|Any CPU
		{A4C73798-1243-480E-A704-07C0FF492CC0}.Debug|Any CPU.Build.0 = Debug|Any CPU
		{A4C73798-1243-480E-A704-07C0FF492CC0}.Release|Any CPU.ActiveCfg = Release|Any CPU
		{A4C73798-1243-480E-A704-07C0FF492CC0}.Release|Any CPU.Build.0 = Release|Any CPU
		{27E19DD6-E598-4444-BF01-D3AB68FAFE6A}.Debug|Any CPU.ActiveCfg = Debug|Any CPU
		{27E19DD6-E598-4444-BF01-D3AB68FAFE6A}.Debug|Any CPU.Build.0 = Debug|Any CPU
		{27E19DD6-E598-4444-BF01-D3AB68FAFE6A}.Release|Any CPU.ActiveCfg = Release|Any CPU
		{27E19DD6-E598-4444-BF01-D3AB68FAFE6A}.Release|Any CPU.Build.0 = Release|Any CPU
	EndGlobalSection
	GlobalSection(SolutionProperties) = preSolution
		HideSolutionNode = FALSE
	EndGlobalSection
	GlobalSection(ExtensibilityGlobals) = postSolution
		SolutionGuid = {6B42479F-2E55-479C-A36D-9674E6E71A3A}
	EndGlobalSection
EndGlobal
